
Microsoft Visual Studio Solution File, Format Version 12.00
# Visual Studio Version 17
VisualStudioVersion = 17.7.34031.279
MinimumVisualStudioVersion = 10.0.40219.1
Project("{FAE04EC0-301F-11D3-BF4B-00C04F79EFBC}") = "BlaBook", "BlaBook\BlaBook.csproj", "{D258E840-1AC0-445D-84D4-2DECAC3F32FE}"
EndProject
Global
	GlobalSection(SolutionConfigurationPlatforms) = preSolution
		Debug|Any CPU = Debug|Any CPU
		Release|Any CPU = Release|Any CPU
	EndGlobalSection
	GlobalSection(ProjectConfigurationPlatforms) = postSolution
		{D258E840-1AC0-445D-84D4-2DECAC3F32FE}.Debug|Any CPU.ActiveCfg = Debug|Any CPU
		{D258E840-1AC0-445D-84D4-2DECAC3F32FE}.Debug|Any CPU.Build.0 = Debug|Any CPU
		{D258E840-1AC0-445D-84D4-2DECAC3F32FE}.Release|Any CPU.ActiveCfg = Release|Any CPU
		{D258E840-1AC0-445D-84D4-2DECAC3F32FE}.Release|Any CPU.Build.0 = Release|Any CPU
	EndGlobalSection
	GlobalSection(SolutionProperties) = preSolution
		HideSolutionNode = FALSE
	EndGlobalSection
	GlobalSection(ExtensibilityGlobals) = postSolution
		SolutionGuid = {1E3ABF76-C3C3-49E3-B06F-1CBDC3ECE117}
	EndGlobalSection
EndGlobal
